
Microsoft Visual Studio Solution File, Format Version 12.00
# Visual Studio Version 17
VisualStudioVersion = 17.3.32922.545
MinimumVisualStudioVersion = 10.0.40219.1
Project("{9A19103F-16F7-4668-BE54-9A1E7A4F7556}") = "CateringApp", "CateringApp.csproj", "{9A7FE20C-8426-46EC-A45B-056BE26B872F}"
EndProject
Project("{9A19103F-16F7-4668-BE54-9A1E7A4F7556}") = "Business", "..\Business\Business.csproj", "{97F1DF41-1FEA-4415-8111-E4A09F484A61}"
EndProject
Project("{9A19103F-16F7-4668-BE54-9A1E7A4F7556}") = "DAL", "..\DAL\DAL.csproj", "{D55D8053-AB87-4614-954F-713CD0A5C67A}"
EndProject
Project("{9A19103F-16F7-4668-BE54-9A1E7A4F7556}") = "DTO", "..\DTO\DTO.csproj", "{03648390-B4A0-47DB-9CF0-A9EAB971CEC9}"
EndProject
Project("{9A19103F-16F7-4668-BE54-9A1E7A4F7556}") = "BusinessTests", "..\BusinessTests\BusinessTests.csproj", "{1A75C217-853D-422F-804B-0E5C33A744E0}"
EndProject
Project("{FAE04EC0-301F-11D3-BF4B-00C04F79EFBC}") = "Server", "..\Server\Server.csproj", "{4A2562E4-B4A4-4EF2-B715-9AEC60A5ADE3}"
EndProject
Global
	GlobalSection(SolutionConfigurationPlatforms) = preSolution
		Debug|Any CPU = Debug|Any CPU
		Release|Any CPU = Release|Any CPU
	EndGlobalSection
	GlobalSection(ProjectConfigurationPlatforms) = postSolution
		{9A7FE20C-8426-46EC-A45B-056BE26B872F}.Debug|Any CPU.ActiveCfg = Debug|Any CPU
		{9A7FE20C-8426-46EC-A45B-056BE26B872F}.Debug|Any CPU.Build.0 = Debug|Any CPU
		{9A7FE20C-8426-46EC-A45B-056BE26B872F}.Release|Any CPU.ActiveCfg = Release|Any CPU
		{9A7FE20C-8426-46EC-A45B-056BE26B872F}.Release|Any CPU.Build.0 = Release|Any CPU
		{97F1DF41-1FEA-4415-8111-E4A09F484A61}.Debug|Any CPU.ActiveCfg = Debug|Any CPU
		{97F1DF41-1FEA-4415-8111-E4A09F484A61}.Debug|Any CPU.Build.0 = Debug|Any CPU
		{97F1DF41-1FEA-4415-8111-E4A09F484A61}.Release|Any CPU.ActiveCfg = Release|Any CPU
		{97F1DF41-1FEA-4415-8111-E4A09F484A61}.Release|Any CPU.Build.0 = Release|Any CPU
		{D55D8053-AB87-4614-954F-713CD0A5C67A}.Debug|Any CPU.ActiveCfg = Debug|Any CPU
		{D55D8053-AB87-4614-954F-713CD0A5C67A}.Debug|Any CPU.Build.0 = Debug|Any CPU
		{D55D8053-AB87-4614-954F-713CD0A5C67A}.Release|Any CPU.ActiveCfg = Release|Any CPU
		{D55D8053-AB87-4614-954F-713CD0A5C67A}.Release|Any CPU.Build.0 = Release|Any CPU
		{03648390-B4A0-47DB-9CF0-A9EAB971CEC9}.Debug|Any CPU.ActiveCfg = Debug|Any CPU
		{03648390-B4A0-47DB-9CF0-A9EAB971CEC9}.Debug|Any CPU.Build.0 = Debug|Any CPU
		{03648390-B4A0-47DB-9CF0-A9EAB971CEC9}.Release|Any CPU.ActiveCfg = Release|Any CPU
		{03648390-B4A0-47DB-9CF0-A9EAB971CEC9}.Release|Any CPU.Build.0 = Release|Any CPU
		{1A75C217-853D-422F-804B-0E5C33A744E0}.Debug|Any CPU.ActiveCfg = Debug|Any CPU
		{1A75C217-853D-422F-804B-0E5C33A744E0}.Debug|Any CPU.Build.0 = Debug|Any CPU
		{1A75C217-853D-422F-804B-0E5C33A744E0}.Release|Any CPU.ActiveCfg = Release|Any CPU
		{1A75C217-853D-422F-804B-0E5C33A744E0}.Release|Any CPU.Build.0 = Release|Any CPU
		{4A2562E4-B4A4-4EF2-B715-9AEC60A5ADE3}.Debug|Any CPU.ActiveCfg = Debug|Any CPU
		{4A2562E4-B4A4-4EF2-B715-9AEC60A5ADE3}.Debug|Any CPU.Build.0 = Debug|Any CPU
		{4A2562E4-B4A4-4EF2-B715-9AEC60A5ADE3}.Release|Any CPU.ActiveCfg = Release|Any CPU
		{4A2562E4-B4A4-4EF2-B715-9AEC60A5ADE3}.Release|Any CPU.Build.0 = Release|Any CPU
	EndGlobalSection
	GlobalSection(SolutionProperties) = preSolution
		HideSolutionNode = FALSE
	EndGlobalSection
	GlobalSection(ExtensibilityGlobals) = postSolution
		SolutionGuid = {631370B5-B11D-4A11-9AEA-47BEDF052CC9}
	EndGlobalSection
EndGlobal
