
Microsoft Visual Studio Solution File, Format Version 12.00
# Visual Studio Version 17
VisualStudioVersion = 17.3.32922.545
MinimumVisualStudioVersion = 10.0.40219.1
Project("{9A19103F-16F7-4668-BE54-9A1E7A4F7556}") = "CateringApp", "CateringApp\CateringApp.csproj", "{9A7FE20C-8426-46EC-A45B-056BE26B872F}"
EndProject
Project("{9A19103F-16F7-4668-BE54-9A1E7A4F7556}") = "DAL", "DAL\DAL.csproj", "{3F177587-B9E3-4209-BF29-D7D9C17BAD72}"
EndProject
Project("{9A19103F-16F7-4668-BE54-9A1E7A4F7556}") = "DTO", "DTO\DTO.csproj", "{4EEB26EC-4624-494E-8A4C-95487F0376D4}"
EndProject
Project("{9A19103F-16F7-4668-BE54-9A1E7A4F7556}") = "Business", "Business\Business.csproj", "{B6ACF834-D770-4C8B-84DD-7DEE0E71883B}"
EndProject
Project("{FAE04EC0-301F-11D3-BF4B-00C04F79EFBC}") = "back-end.Tests", "back-end.Tests\back-end.Tests.csproj", "{AF66C6ED-4401-440E-966C-61DCE8850C5A}"
EndProject
Global
	GlobalSection(SolutionConfigurationPlatforms) = preSolution
		Debug|Any CPU = Debug|Any CPU
		Release|Any CPU = Release|Any CPU
	EndGlobalSection
	GlobalSection(ProjectConfigurationPlatforms) = postSolution
		{9A7FE20C-8426-46EC-A45B-056BE26B872F}.Debug|Any CPU.ActiveCfg = Debug|Any CPU
		{9A7FE20C-8426-46EC-A45B-056BE26B872F}.Debug|Any CPU.Build.0 = Debug|Any CPU
		{9A7FE20C-8426-46EC-A45B-056BE26B872F}.Release|Any CPU.ActiveCfg = Release|Any CPU
		{9A7FE20C-8426-46EC-A45B-056BE26B872F}.Release|Any CPU.Build.0 = Release|Any CPU
		{3F177587-B9E3-4209-BF29-D7D9C17BAD72}.Debug|Any CPU.ActiveCfg = Debug|Any CPU
		{3F177587-B9E3-4209-BF29-D7D9C17BAD72}.Debug|Any CPU.Build.0 = Debug|Any CPU
		{3F177587-B9E3-4209-BF29-D7D9C17BAD72}.Release|Any CPU.ActiveCfg = Release|Any CPU
		{3F177587-B9E3-4209-BF29-D7D9C17BAD72}.Release|Any CPU.Build.0 = Release|Any CPU
		{4EEB26EC-4624-494E-8A4C-95487F0376D4}.Debug|Any CPU.ActiveCfg = Debug|Any CPU
		{4EEB26EC-4624-494E-8A4C-95487F0376D4}.Debug|Any CPU.Build.0 = Debug|Any CPU
		{4EEB26EC-4624-494E-8A4C-95487F0376D4}.Release|Any CPU.ActiveCfg = Release|Any CPU
		{4EEB26EC-4624-494E-8A4C-95487F0376D4}.Release|Any CPU.Build.0 = Release|Any CPU
		{B6ACF834-D770-4C8B-84DD-7DEE0E71883B}.Debug|Any CPU.ActiveCfg = Debug|Any CPU
		{B6ACF834-D770-4C8B-84DD-7DEE0E71883B}.Debug|Any CPU.Build.0 = Debug|Any CPU
		{B6ACF834-D770-4C8B-84DD-7DEE0E71883B}.Release|Any CPU.ActiveCfg = Release|Any CPU
		{B6ACF834-D770-4C8B-84DD-7DEE0E71883B}.Release|Any CPU.Build.0 = Release|Any CPU
		{AF66C6ED-4401-440E-966C-61DCE8850C5A}.Debug|Any CPU.ActiveCfg = Debug|Any CPU
		{AF66C6ED-4401-440E-966C-61DCE8850C5A}.Debug|Any CPU.Build.0 = Debug|Any CPU
		{AF66C6ED-4401-440E-966C-61DCE8850C5A}.Release|Any CPU.ActiveCfg = Release|Any CPU
		{AF66C6ED-4401-440E-966C-61DCE8850C5A}.Release|Any CPU.Build.0 = Release|Any CPU
	EndGlobalSection
	GlobalSection(SolutionProperties) = preSolution
		HideSolutionNode = FALSE
	EndGlobalSection
	GlobalSection(ExtensibilityGlobals) = postSolution
		SolutionGuid = {631370B5-B11D-4A11-9AEA-47BEDF052CC9}
	EndGlobalSection
EndGlobal
